// !$*UTF8*$!
{
	archiveVersion = 1;
	classes = {
	};
	objectVersion = 50;
	objects = {

/* Begin PBXBuildFile section */
		8AB7912E2306E3560052C5D9 /* AppDelegate.swift in Sources */ = {isa = PBXBuildFile; fileRef = 8AB7912D2306E3560052C5D9 /* AppDelegate.swift */; };
		8AB791302306E3560052C5D9 /* ViewController.swift in Sources */ = {isa = PBXBuildFile; fileRef = 8AB7912F2306E3560052C5D9 /* ViewController.swift */; };
		8AB791332306E3560052C5D9 /* Main.storyboard in Resources */ = {isa = PBXBuildFile; fileRef = 8AB791312306E3560052C5D9 /* Main.storyboard */; };
		8AB791362306E3560052C5D9 /* createFirebaseLogin.xcdatamodeld in Sources */ = {isa = PBXBuildFile; fileRef = 8AB791342306E3560052C5D9 /* createFirebaseLogin.xcdatamodeld */; };
		8AB791382306E3580052C5D9 /* Assets.xcassets in Resources */ = {isa = PBXBuildFile; fileRef = 8AB791372306E3580052C5D9 /* Assets.xcassets */; };
		8AB7913B2306E3580052C5D9 /* LaunchScreen.storyboard in Resources */ = {isa = PBXBuildFile; fileRef = 8AB791392306E3580052C5D9 /* LaunchScreen.storyboard */; };
		8AB791462306E3590052C5D9 /* createFirebaseLoginTests.swift in Sources */ = {isa = PBXBuildFile; fileRef = 8AB791452306E3590052C5D9 /* createFirebaseLoginTests.swift */; };
		8AB791512306E3590052C5D9 /* createFirebaseLoginUITests.swift in Sources */ = {isa = PBXBuildFile; fileRef = 8AB791502306E3590052C5D9 /* createFirebaseLoginUITests.swift */; };
/* End PBXBuildFile section */

/* Begin PBXContainerItemProxy section */
		8AB791422306E3590052C5D9 /* PBXContainerItemProxy */ = {
			isa = PBXContainerItemProxy;
			containerPortal = 8AB791222306E3560052C5D9 /* Project object */;
			proxyType = 1;
			remoteGlobalIDString = 8AB791292306E3560052C5D9;
			remoteInfo = createFirebaseLogin;
		};
		8AB7914D2306E3590052C5D9 /* PBXContainerItemProxy */ = {
			isa = PBXContainerItemProxy;
			containerPortal = 8AB791222306E3560052C5D9 /* Project object */;
			proxyType = 1;
			remoteGlobalIDString = 8AB791292306E3560052C5D9;
			remoteInfo = createFirebaseLogin;
		};
/* End PBXContainerItemProxy section */

/* Begin PBXFileReference section */
		8AB7912A2306E3560052C5D9 /* createFirebaseLogin.app */ = {isa = PBXFileReference; explicitFileType = wrapper.application; includeInIndex = 0; path = createFirebaseLogin.app; sourceTree = BUILT_PRODUCTS_DIR; };
		8AB7912D2306E3560052C5D9 /* AppDelegate.swift */ = {isa = PBXFileReference; lastKnownFileType = sourcecode.swift; path = AppDelegate.swift; sourceTree = "<group>"; };
		8AB7912F2306E3560052C5D9 /* ViewController.swift */ = {isa = PBXFileReference; lastKnownFileType = sourcecode.swift; path = ViewController.swift; sourceTree = "<group>"; };
		8AB791322306E3560052C5D9 /* Base */ = {isa = PBXFileReference; lastKnownFileType = file.storyboard; name = Base; path = Base.lproj/Main.storyboard; sourceTree = "<group>"; };
		8AB791352306E3560052C5D9 /* createFirebaseLogin.xcdatamodel */ = {isa = PBXFileReference; lastKnownFileType = wrapper.xcdatamodel; path = createFirebaseLogin.xcdatamodel; sourceTree = "<group>"; };
		8AB791372306E3580052C5D9 /* Assets.xcassets */ = {isa = PBXFileReference; lastKnownFileType = folder.assetcatalog; path = Assets.xcassets; sourceTree = "<group>"; };
		8AB7913A2306E3580052C5D9 /* Base */ = {isa = PBXFileReference; lastKnownFileType = file.storyboard; name = Base; path = Base.lproj/LaunchScreen.storyboard; sourceTree = "<group>"; };
		8AB7913C2306E3580052C5D9 /* Info.plist */ = {isa = PBXFileReference; lastKnownFileType = text.plist.xml; path = Info.plist; sourceTree = "<group>"; };
		8AB791412306E3590052C5D9 /* createFirebaseLoginTests.xctest */ = {isa = PBXFileReference; explicitFileType = wrapper.cfbundle; includeInIndex = 0; path = createFirebaseLoginTests.xctest; sourceTree = BUILT_PRODUCTS_DIR; };
		8AB791452306E3590052C5D9 /* createFirebaseLoginTests.swift */ = {isa = PBXFileReference; lastKnownFileType = sourcecode.swift; path = createFirebaseLoginTests.swift; sourceTree = "<group>"; };
		8AB791472306E3590052C5D9 /* Info.plist */ = {isa = PBXFileReference; lastKnownFileType = text.plist.xml; path = Info.plist; sourceTree = "<group>"; };
		8AB7914C2306E3590052C5D9 /* createFirebaseLoginUITests.xctest */ = {isa = PBXFileReference; explicitFileType = wrapper.cfbundle; includeInIndex = 0; path = createFirebaseLoginUITests.xctest; sourceTree = BUILT_PRODUCTS_DIR; };
		8AB791502306E3590052C5D9 /* createFirebaseLoginUITests.swift */ = {isa = PBXFileReference; lastKnownFileType = sourcecode.swift; path = createFirebaseLoginUITests.swift; sourceTree = "<group>"; };
		8AB791522306E3590052C5D9 /* Info.plist */ = {isa = PBXFileReference; lastKnownFileType = text.plist.xml; path = Info.plist; sourceTree = "<group>"; };
/* End PBXFileReference section */

/* Begin PBXFrameworksBuildPhase section */
		8AB791272306E3560052C5D9 /* Frameworks */ = {
			isa = PBXFrameworksBuildPhase;
			buildActionMask = 2147483647;
			files = (
			);
			runOnlyForDeploymentPostprocessing = 0;
		};
		8AB7913E2306E3590052C5D9 /* Frameworks */ = {
			isa = PBXFrameworksBuildPhase;
			buildActionMask = 2147483647;
			files = (
			);
			runOnlyForDeploymentPostprocessing = 0;
		};
		8AB791492306E3590052C5D9 /* Frameworks */ = {
			isa = PBXFrameworksBuildPhase;
			buildActionMask = 2147483647;
			files = (
			);
			runOnlyForDeploymentPostprocessing = 0;
		};
/* End PBXFrameworksBuildPhase section */

/* Begin PBXGroup section */
		8AB791212306E3560052C5D9 = {
			isa = PBXGroup;
			children = (
				8AB7912C2306E3560052C5D9 /* createFirebaseLogin */,
				8AB791442306E3590052C5D9 /* createFirebaseLoginTests */,
				8AB7914F2306E3590052C5D9 /* createFirebaseLoginUITests */,
				8AB7912B2306E3560052C5D9 /* Products */,
			);
			sourceTree = "<group>";
		};
		8AB7912B2306E3560052C5D9 /* Products */ = {
			isa = PBXGroup;
			children = (
				8AB7912A2306E3560052C5D9 /* createFirebaseLogin.app */,
				8AB791412306E3590052C5D9 /* createFirebaseLoginTests.xctest */,
				8AB7914C2306E3590052C5D9 /* createFirebaseLoginUITests.xctest */,
			);
			name = Products;
			sourceTree = "<group>";
		};
		8AB7912C2306E3560052C5D9 /* createFirebaseLogin */ = {
			isa = PBXGroup;
			children = (
				8AB7912D2306E3560052C5D9 /* AppDelegate.swift */,
				8AB7912F2306E3560052C5D9 /* ViewController.swift */,
				8AB791312306E3560052C5D9 /* Main.storyboard */,
				8AB791372306E3580052C5D9 /* Assets.xcassets */,
				8AB791392306E3580052C5D9 /* LaunchScreen.storyboard */,
				8AB7913C2306E3580052C5D9 /* Info.plist */,
				8AB791342306E3560052C5D9 /* createFirebaseLogin.xcdatamodeld */,
			);
			path = createFirebaseLogin;
			sourceTree = "<group>";
		};
		8AB791442306E3590052C5D9 /* createFirebaseLoginTests */ = {
			isa = PBXGroup;
			children = (
				8AB791452306E3590052C5D9 /* createFirebaseLoginTests.swift */,
				8AB791472306E3590052C5D9 /* Info.plist */,
			);
			path = createFirebaseLoginTests;
			sourceTree = "<group>";
		};
		8AB7914F2306E3590052C5D9 /* createFirebaseLoginUITests */ = {
			isa = PBXGroup;
			children = (
				8AB791502306E3590052C5D9 /* createFirebaseLoginUITests.swift */,
				8AB791522306E3590052C5D9 /* Info.plist */,
			);
			path = createFirebaseLoginUITests;
			sourceTree = "<group>";
		};
/* End PBXGroup section */

/* Begin PBXNativeTarget section */
		8AB791292306E3560052C5D9 /* createFirebaseLogin */ = {
			isa = PBXNativeTarget;
			buildConfigurationList = 8AB791552306E3590052C5D9 /* Build configuration list for PBXNativeTarget "createFirebaseLogin" */;
			buildPhases = (
				8AB791262306E3560052C5D9 /* Sources */,
				8AB791272306E3560052C5D9 /* Frameworks */,
				8AB791282306E3560052C5D9 /* Resources */,
			);
			buildRules = (
			);
			dependencies = (
			);
			name = createFirebaseLogin;
			productName = createFirebaseLogin;
			productReference = 8AB7912A2306E3560052C5D9 /* createFirebaseLogin.app */;
			productType = "com.apple.product-type.application";
		};
		8AB791402306E3590052C5D9 /* createFirebaseLoginTests */ = {
			isa = PBXNativeTarget;
			buildConfigurationList = 8AB791582306E3590052C5D9 /* Build configuration list for PBXNativeTarget "createFirebaseLoginTests" */;
			buildPhases = (
				8AB7913D2306E3590052C5D9 /* Sources */,
				8AB7913E2306E3590052C5D9 /* Frameworks */,
				8AB7913F2306E3590052C5D9 /* Resources */,
			);
			buildRules = (
			);
			dependencies = (
				8AB791432306E3590052C5D9 /* PBXTargetDependency */,
			);
			name = createFirebaseLoginTests;
			productName = createFirebaseLoginTests;
			productReference = 8AB791412306E3590052C5D9 /* createFirebaseLoginTests.xctest */;
			productType = "com.apple.product-type.bundle.unit-test";
		};
		8AB7914B2306E3590052C5D9 /* createFirebaseLoginUITests */ = {
			isa = PBXNativeTarget;
			buildConfigurationList = 8AB7915B2306E3590052C5D9 /* Build configuration list for PBXNativeTarget "createFirebaseLoginUITests" */;
			buildPhases = (
				8AB791482306E3590052C5D9 /* Sources */,
				8AB791492306E3590052C5D9 /* Frameworks */,
				8AB7914A2306E3590052C5D9 /* Resources */,
			);
			buildRules = (
			);
			dependencies = (
				8AB7914E2306E3590052C5D9 /* PBXTargetDependency */,
			);
			name = createFirebaseLoginUITests;
			productName = createFirebaseLoginUITests;
			productReference = 8AB7914C2306E3590052C5D9 /* createFirebaseLoginUITests.xctest */;
			productType = "com.apple.product-type.bundle.ui-testing";
		};
/* End PBXNativeTarget section */

/* Begin PBXProject section */
		8AB791222306E3560052C5D9 /* Project object */ = {
			isa = PBXProject;
			attributes = {
				LastSwiftUpdateCheck = 1020;
				LastUpgradeCheck = 1020;
				ORGANIZATIONNAME = edu.data;
				TargetAttributes = {
					8AB791292306E3560052C5D9 = {
						CreatedOnToolsVersion = 10.2.1;
					};
					8AB791402306E3590052C5D9 = {
						CreatedOnToolsVersion = 10.2.1;
						TestTargetID = 8AB791292306E3560052C5D9;
					};
					8AB7914B2306E3590052C5D9 = {
						CreatedOnToolsVersion = 10.2.1;
						TestTargetID = 8AB791292306E3560052C5D9;
					};
				};
			};
			buildConfigurationList = 8AB791252306E3560052C5D9 /* Build configuration list for PBXProject "createFirebaseLogin" */;
			compatibilityVersion = "Xcode 9.3";
			developmentRegion = en;
			hasScannedForEncodings = 0;
			knownRegions = (
				en,
				Base,
			);
			mainGroup = 8AB791212306E3560052C5D9;
			productRefGroup = 8AB7912B2306E3560052C5D9 /* Products */;
			projectDirPath = "";
			projectRoot = "";
			targets = (
				8AB791292306E3560052C5D9 /* createFirebaseLogin */,
				8AB791402306E3590052C5D9 /* createFirebaseLoginTests */,
				8AB7914B2306E3590052C5D9 /* createFirebaseLoginUITests */,
			);
		};
/* End PBXProject section */

/* Begin PBXResourcesBuildPhase section */
		8AB791282306E3560052C5D9 /* Resources */ = {
			isa = PBXResourcesBuildPhase;
			buildActionMask = 2147483647;
			files = (
				8AB7913B2306E3580052C5D9 /* LaunchScreen.storyboard in Resources */,
				8AB791382306E3580052C5D9 /* Assets.xcassets in Resources */,
				8AB791332306E3560052C5D9 /* Main.storyboard in Resources */,
			);
			runOnlyForDeploymentPostprocessing = 0;
		};
		8AB7913F2306E3590052C5D9 /* Resources */ = {
			isa = PBXResourcesBuildPhase;
			buildActionMask = 2147483647;
			files = (
			);
			runOnlyForDeploymentPostprocessing = 0;
		};
		8AB7914A2306E3590052C5D9 /* Resources */ = {
			isa = PBXResourcesBuildPhase;
			buildActionMask = 2147483647;
			files = (
			);
			runOnlyForDeploymentPostprocessing = 0;
		};
/* End PBXResourcesBuildPhase section */

/* Begin PBXSourcesBuildPhase section */
		8AB791262306E3560052C5D9 /* Sources */ = {
			isa = PBXSourcesBuildPhase;
			buildActionMask = 2147483647;
			files = (
				8AB791302306E3560052C5D9 /* ViewController.swift in Sources */,
				8AB791362306E3560052C5D9 /* createFirebaseLogin.xcdatamodeld in Sources */,
				8AB7912E2306E3560052C5D9 /* AppDelegate.swift in Sources */,
			);
			runOnlyForDeploymentPostprocessing = 0;
		};
		8AB7913D2306E3590052C5D9 /* Sources */ = {
			isa = PBXSourcesBuildPhase;
			buildActionMask = 2147483647;
			files = (
				8AB791462306E3590052C5D9 /* createFirebaseLoginTests.swift in Sources */,
			);
			runOnlyForDeploymentPostprocessing = 0;
		};
		8AB791482306E3590052C5D9 /* Sources */ = {
			isa = PBXSourcesBuildPhase;
			buildActionMask = 2147483647;
			files = (
				8AB791512306E3590052C5D9 /* createFirebaseLoginUITests.swift in Sources */,
			);
			runOnlyForDeploymentPostprocessing = 0;
		};
/* End PBXSourcesBuildPhase section */

/* Begin PBXTargetDependency section */
		8AB791432306E3590052C5D9 /* PBXTargetDependency */ = {
			isa = PBXTargetDependency;
			target = 8AB791292306E3560052C5D9 /* createFirebaseLogin */;
			targetProxy = 8AB791422306E3590052C5D9 /* PBXContainerItemProxy */;
		};
		8AB7914E2306E3590052C5D9 /* PBXTargetDependency */ = {
			isa = PBXTargetDependency;
			target = 8AB791292306E3560052C5D9 /* createFirebaseLogin */;
			targetProxy = 8AB7914D2306E3590052C5D9 /* PBXContainerItemProxy */;
		};
/* End PBXTargetDependency section */

/* Begin PBXVariantGroup section */
		8AB791312306E3560052C5D9 /* Main.storyboard */ = {
			isa = PBXVariantGroup;
			children = (
				8AB791322306E3560052C5D9 /* Base */,
			);
			name = Main.storyboard;
			sourceTree = "<group>";
		};
		8AB791392306E3580052C5D9 /* LaunchScreen.storyboard */ = {
			isa = PBXVariantGroup;
			children = (
				8AB7913A2306E3580052C5D9 /* Base */,
			);
			name = LaunchScreen.storyboard;
			sourceTree = "<group>";
		};
/* End PBXVariantGroup section */

/* Begin XCBuildConfiguration section */
		8AB791532306E3590052C5D9 /* Debug */ = {
			isa = XCBuildConfiguration;
			buildSettings = {
				ALWAYS_SEARCH_USER_PATHS = NO;
				CLANG_ANALYZER_NONNULL = YES;
				CLANG_ANALYZER_NUMBER_OBJECT_CONVERSION = YES_AGGRESSIVE;
				CLANG_CXX_LANGUAGE_STANDARD = "gnu++14";
				CLANG_CXX_LIBRARY = "libc++";
				CLANG_ENABLE_MODULES = YES;
				CLANG_ENABLE_OBJC_ARC = YES;
				CLANG_ENABLE_OBJC_WEAK = YES;
				CLANG_WARN_BLOCK_CAPTURE_AUTORELEASING = YES;
				CLANG_WARN_BOOL_CONVERSION = YES;
				CLANG_WARN_COMMA = YES;
				CLANG_WARN_CONSTANT_CONVERSION = YES;
				CLANG_WARN_DEPRECATED_OBJC_IMPLEMENTATIONS = YES;
				CLANG_WARN_DIRECT_OBJC_ISA_USAGE = YES_ERROR;
				CLANG_WARN_DOCUMENTATION_COMMENTS = YES;
				CLANG_WARN_EMPTY_BODY = YES;
				CLANG_WARN_ENUM_CONVERSION = YES;
				CLANG_WARN_INFINITE_RECURSION = YES;
				CLANG_WARN_INT_CONVERSION = YES;
				CLANG_WARN_NON_LITERAL_NULL_CONVERSION = YES;
				CLANG_WARN_OBJC_IMPLICIT_RETAIN_SELF = YES;
				CLANG_WARN_OBJC_LITERAL_CONVERSION = YES;
				CLANG_WARN_OBJC_ROOT_CLASS = YES_ERROR;
				CLANG_WARN_RANGE_LOOP_ANALYSIS = YES;
				CLANG_WARN_STRICT_PROTOTYPES = YES;
				CLANG_WARN_SUSPICIOUS_MOVE = YES;
				CLANG_WARN_UNGUARDED_AVAILABILITY = YES_AGGRESSIVE;
				CLANG_WARN_UNREACHABLE_CODE = YES;
				CLANG_WARN__DUPLICATE_METHOD_MATCH = YES;
				CODE_SIGN_IDENTITY = "iPhone Developer";
				COPY_PHASE_STRIP = NO;
				DEBUG_INFORMATION_FORMAT = dwarf;
				ENABLE_STRICT_OBJC_MSGSEND = YES;
				ENABLE_TESTABILITY = YES;
				GCC_C_LANGUAGE_STANDARD = gnu11;
				GCC_DYNAMIC_NO_PIC = NO;
				GCC_NO_COMMON_BLOCKS = YES;
				GCC_OPTIMIZATION_LEVEL = 0;
				GCC_PREPROCESSOR_DEFINITIONS = (
					"DEBUG=1",
					"$(inherited)",
				);
				GCC_WARN_64_TO_32_BIT_CONVERSION = YES;
				GCC_WARN_ABOUT_RETURN_TYPE = YES_ERROR;
				GCC_WARN_UNDECLARED_SELECTOR = YES;
				GCC_WARN_UNINITIALIZED_AUTOS = YES_AGGRESSIVE;
				GCC_WARN_UNUSED_FUNCTION = YES;
				GCC_WARN_UNUSED_VARIABLE = YES;
				IPHONEOS_DEPLOYMENT_TARGET = 12.2;
				MTL_ENABLE_DEBUG_INFO = INCLUDE_SOURCE;
				MTL_FAST_MATH = YES;
				ONLY_ACTIVE_ARCH = YES;
				SDKROOT = iphoneos;
				SWIFT_ACTIVE_COMPILATION_CONDITIONS = DEBUG;
				SWIFT_OPTIMIZATION_LEVEL = "-Onone";
			};
			name = Debug;
		};
		8AB791542306E3590052C5D9 /* Release */ = {
			isa = XCBuildConfiguration;
			buildSettings = {
				ALWAYS_SEARCH_USER_PATHS = NO;
				CLANG_ANALYZER_NONNULL = YES;
				CLANG_ANALYZER_NUMBER_OBJECT_CONVERSION = YES_AGGRESSIVE;
				CLANG_CXX_LANGUAGE_STANDARD = "gnu++14";
				CLANG_CXX_LIBRARY = "libc++";
				CLANG_ENABLE_MODULES = YES;
				CLANG_ENABLE_OBJC_ARC = YES;
				CLANG_ENABLE_OBJC_WEAK = YES;
				CLANG_WARN_BLOCK_CAPTURE_AUTORELEASING = YES;
				CLANG_WARN_BOOL_CONVERSION = YES;
				CLANG_WARN_COMMA = YES;
				CLANG_WARN_CONSTANT_CONVERSION = YES;
				CLANG_WARN_DEPRECATED_OBJC_IMPLEMENTATIONS = YES;
				CLANG_WARN_DIRECT_OBJC_ISA_USAGE = YES_ERROR;
				CLANG_WARN_DOCUMENTATION_COMMENTS = YES;
				CLANG_WARN_EMPTY_BODY = YES;
				CLANG_WARN_ENUM_CONVERSION = YES;
				CLANG_WARN_INFINITE_RECURSION = YES;
				CLANG_WARN_INT_CONVERSION = YES;
				CLANG_WARN_NON_LITERAL_NULL_CONVERSION = YES;
				CLANG_WARN_OBJC_IMPLICIT_RETAIN_SELF = YES;
				CLANG_WARN_OBJC_LITERAL_CONVERSION = YES;
				CLANG_WARN_OBJC_ROOT_CLASS = YES_ERROR;
				CLANG_WARN_RANGE_LOOP_ANALYSIS = YES;
				CLANG_WARN_STRICT_PROTOTYPES = YES;
				CLANG_WARN_SUSPICIOUS_MOVE = YES;
				CLANG_WARN_UNGUARDED_AVAILABILITY = YES_AGGRESSIVE;
				CLANG_WARN_UNREACHABLE_CODE = YES;
				CLANG_WARN__DUPLICATE_METHOD_MATCH = YES;
				CODE_SIGN_IDENTITY = "iPhone Developer";
				COPY_PHASE_STRIP = NO;
				DEBUG_INFORMATION_FORMAT = "dwarf-with-dsym";
				ENABLE_NS_ASSERTIONS = NO;
				ENABLE_STRICT_OBJC_MSGSEND = YES;
				GCC_C_LANGUAGE_STANDARD = gnu11;
				GCC_NO_COMMON_BLOCKS = YES;
				GCC_WARN_64_TO_32_BIT_CONVERSION = YES;
				GCC_WARN_ABOUT_RETURN_TYPE = YES_ERROR;
				GCC_WARN_UNDECLARED_SELECTOR = YES;
				GCC_WARN_UNINITIALIZED_AUTOS = YES_AGGRESSIVE;
				GCC_WARN_UNUSED_FUNCTION = YES;
				GCC_WARN_UNUSED_VARIABLE = YES;
				IPHONEOS_DEPLOYMENT_TARGET = 12.2;
				MTL_ENABLE_DEBUG_INFO = NO;
				MTL_FAST_MATH = YES;
				SDKROOT = iphoneos;
				SWIFT_COMPILATION_MODE = wholemodule;
				SWIFT_OPTIMIZATION_LEVEL = "-O";
				VALIDATE_PRODUCT = YES;
			};
			name = Release;
		};
		8AB791562306E3590052C5D9 /* Debug */ = {
			isa = XCBuildConfiguration;
			buildSettings = {
				ASSETCATALOG_COMPILER_APPICON_NAME = AppIcon;
				CODE_SIGN_STYLE = Automatic;
				INFOPLIST_FILE = createFirebaseLogin/Info.plist;
				LD_RUNPATH_SEARCH_PATHS = (
					"$(inherited)",
					"@executable_path/Frameworks",
				);
				PRODUCT_BUNDLE_IDENTIFIER = FCI.createFirebaseLogin;
				PRODUCT_NAME = "$(TARGET_NAME)";
				SWIFT_VERSION = 5.0;
				TARGETED_DEVICE_FAMILY = "1,2";
			};
			name = Debug;
		};
		8AB791572306E3590052C5D9 /* Release */ = {
			isa = XCBuildConfiguration;
			buildSettings = {
				ASSETCATALOG_COMPILER_APPICON_NAME = AppIcon;
				CODE_SIGN_STYLE = Automatic;
				INFOPLIST_FILE = createFirebaseLogin/Info.plist;
				LD_RUNPATH_SEARCH_PATHS = (
					"$(inherited)",
					"@executable_path/Frameworks",
				);
				PRODUCT_BUNDLE_IDENTIFIER = FCI.createFirebaseLogin;
				PRODUCT_NAME = "$(TARGET_NAME)";
				SWIFT_VERSION = 5.0;
				TARGETED_DEVICE_FAMILY = "1,2";
			};
			name = Release;
		};
		8AB791592306E3590052C5D9 /* Debug */ = {
			isa = XCBuildConfiguration;
			buildSettings = {
				ALWAYS_EMBED_SWIFT_STANDARD_LIBRARIES = YES;
				BUNDLE_LOADER = "$(TEST_HOST)";
				CODE_SIGN_STYLE = Automatic;
				INFOPLIST_FILE = createFirebaseLoginTests/Info.plist;
				LD_RUNPATH_SEARCH_PATHS = (
					"$(inherited)",
					"@executable_path/Frameworks",
					"@loader_path/Frameworks",
				);
				PRODUCT_BUNDLE_IDENTIFIER = FCI.createFirebaseLoginTests;
				PRODUCT_NAME = "$(TARGET_NAME)";
				SWIFT_VERSION = 5.0;
				TARGETED_DEVICE_FAMILY = "1,2";
				TEST_HOST = "$(BUILT_PRODUCTS_DIR)/createFirebaseLogin.app/createFirebaseLogin";
			};
			name = Debug;
		};
		8AB7915A2306E3590052C5D9 /* Release */ = {
			isa = XCBuildConfiguration;
			buildSettings = {
				ALWAYS_EMBED_SWIFT_STANDARD_LIBRARIES = YES;
				BUNDLE_LOADER = "$(TEST_HOST)";
				CODE_SIGN_STYLE = Automatic;
				INFOPLIST_FILE = createFirebaseLoginTests/Info.plist;
				LD_RUNPATH_SEARCH_PATHS = (
					"$(inherited)",
					"@executable_path/Frameworks",
					"@loader_path/Frameworks",
				);
				PRODUCT_BUNDLE_IDENTIFIER = FCI.createFirebaseLoginTests;
				PRODUCT_NAME = "$(TARGET_NAME)";
				SWIFT_VERSION = 5.0;
				TARGETED_DEVICE_FAMILY = "1,2";
				TEST_HOST = "$(BUILT_PRODUCTS_DIR)/createFirebaseLogin.app/createFirebaseLogin";
			};
			name = Release;
		};
		8AB7915C2306E3590052C5D9 /* Debug */ = {
			isa = XCBuildConfiguration;
			buildSettings = {
				ALWAYS_EMBED_SWIFT_STANDARD_LIBRARIES = YES;
				CODE_SIGN_STYLE = Automatic;
				INFOPLIST_FILE = createFirebaseLoginUITests/Info.plist;
				LD_RUNPATH_SEARCH_PATHS = (
					"$(inherited)",
					"@executable_path/Frameworks",
					"@loader_path/Frameworks",
				);
				PRODUCT_BUNDLE_IDENTIFIER = FCI.createFirebaseLoginUITests;
				PRODUCT_NAME = "$(TARGET_NAME)";
				SWIFT_VERSION = 5.0;
				TARGETED_DEVICE_FAMILY = "1,2";
				TEST_TARGET_NAME = createFirebaseLogin;
			};
			name = Debug;
		};
		8AB7915D2306E3590052C5D9 /* Release */ = {
			isa = XCBuildConfiguration;
			buildSettings = {
				ALWAYS_EMBED_SWIFT_STANDARD_LIBRARIES = YES;
				CODE_SIGN_STYLE = Automatic;
				INFOPLIST_FILE = createFirebaseLoginUITests/Info.plist;
				LD_RUNPATH_SEARCH_PATHS = (
					"$(inherited)",
					"@executable_path/Frameworks",
					"@loader_path/Frameworks",
				);
				PRODUCT_BUNDLE_IDENTIFIER = FCI.createFirebaseLoginUITests;
				PRODUCT_NAME = "$(TARGET_NAME)";
				SWIFT_VERSION = 5.0;
				TARGETED_DEVICE_FAMILY = "1,2";
				TEST_TARGET_NAME = createFirebaseLogin;
			};
			name = Release;
		};
/* End XCBuildConfiguration section */

/* Begin XCConfigurationList section */
		8AB791252306E3560052C5D9 /* Build configuration list for PBXProject "createFirebaseLogin" */ = {
			isa = XCConfigurationList;
			buildConfigurations = (
				8AB791532306E3590052C5D9 /* Debug */,
				8AB791542306E3590052C5D9 /* Release */,
			);
			defaultConfigurationIsVisible = 0;
			defaultConfigurationName = Release;
		};
		8AB791552306E3590052C5D9 /* Build configuration list for PBXNativeTarget "createFirebaseLogin" */ = {
			isa = XCConfigurationList;
			buildConfigurations = (
				8AB791562306E3590052C5D9 /* Debug */,
				8AB791572306E3590052C5D9 /* Release */,
			);
			defaultConfigurationIsVisible = 0;
			defaultConfigurationName = Release;
		};
		8AB791582306E3590052C5D9 /* Build configuration list for PBXNativeTarget "createFirebaseLoginTests" */ = {
			isa = XCConfigurationList;
			buildConfigurations = (
				8AB791592306E3590052C5D9 /* Debug */,
				8AB7915A2306E3590052C5D9 /* Release */,
			);
			defaultConfigurationIsVisible = 0;
			defaultConfigurationName = Release;
		};
		8AB7915B2306E3590052C5D9 /* Build configuration list for PBXNativeTarget "createFirebaseLoginUITests" */ = {
			isa = XCConfigurationList;
			buildConfigurations = (
				8AB7915C2306E3590052C5D9 /* Debug */,
				8AB7915D2306E3590052C5D9 /* Release */,
			);
			defaultConfigurationIsVisible = 0;
			defaultConfigurationName = Release;
		};
/* End XCConfigurationList section */

/* Begin XCVersionGroup section */
		8AB791342306E3560052C5D9 /* createFirebaseLogin.xcdatamodeld */ = {
			isa = XCVersionGroup;
			children = (
				8AB791352306E3560052C5D9 /* createFirebaseLogin.xcdatamodel */,
			);
			currentVersion = 8AB791352306E3560052C5D9 /* createFirebaseLogin.xcdatamodel */;
			path = createFirebaseLogin.xcdatamodeld;
			sourceTree = "<group>";
			versionGroupType = wrapper.xcdatamodel;
		};
/* End XCVersionGroup section */
	};
	rootObject = 8AB791222306E3560052C5D9 /* Project object */;
}
